<?xml version="1.0" encoding="utf-8"?>
<Project ToolsVersion="4.0" xmlns="http://schemas.microsoft.com/developer/msbuild/2003">
  <ItemGroup>
    <Filter Include="Library">
      <UniqueIdentifier>{d5173dcf-2786-4f98-bd55-d03549637dfe}</UniqueIdentifier>
    </Filter>
    <Filter Include="Src">
      <UniqueIdentifier>{80d0a5a9-6779-4863-bede-cc22a4986dc5}</UniqueIdentifier>
    </Filter>
    <Filter Include="Src\Framework">
      <UniqueIdentifier>{f5928314-3ee2-4e39-abfa-d93aa9ee5891}</UniqueIdentifier>
    </Filter>
    <Filter Include="Src\Framework\Direct3D">
      <UniqueIdentifier>{f193abd5-e51c-466e-a937-722bc9175e9a}</UniqueIdentifier>
    </Filter>
    <Filter Include="Src\Framework\Utility">
      <UniqueIdentifier>{f5d733b1-5031-4659-a9d4-0dd3add1e5fb}</UniqueIdentifier>
    </Filter>
    <Filter Include="Src\Framework\Window">
      <UniqueIdentifier>{cb022f2a-c5a2-449b-9b70-5110aff8550f}</UniqueIdentifier>
    </Filter>
    <Filter Include="Library\tinygltf">
      <UniqueIdentifier>{307bfbcd-124f-4ad7-85f5-3fd94f814b1f}</UniqueIdentifier>
    </Filter>
    <Filter Include="Src\Framework\Shader">
      <UniqueIdentifier>{93543c0c-58fe-4a94-8279-7be3021b65b1}</UniqueIdentifier>
    </Filter>
    <Filter Include="Src\Framework\Shader\SpriteShader">
      <UniqueIdentifier>{2da4d471-f4e8-4b2d-bdef-b93f91523b8b}</UniqueIdentifier>
    </Filter>
    <Filter Include="Src\Application">
      <UniqueIdentifier>{d0d0f9cf-dabd-4346-bc9a-d9c04cf42372}</UniqueIdentifier>
    </Filter>
    <Filter Include="Src\Framework\Math">
      <UniqueIdentifier>{04f33e76-24f0-4a58-9355-5770b3f6f9c6}</UniqueIdentifier>
    </Filter>
    <Filter Include="Src\Framework\Audio">
      <UniqueIdentifier>{2a0de30f-d7e8-4517-a9a1-20de6e434592}</UniqueIdentifier>
    </Filter>
    <Filter Include="Src\Framework\Shader\PostProcessShader">
      <UniqueIdentifier>{bfef98c3-f0b2-41b1-b813-6f298072287b}</UniqueIdentifier>
    </Filter>
    <Filter Include="Src\Framework\GameObject">
      <UniqueIdentifier>{d45ba257-913b-44e3-a012-888d7b6f2b68}</UniqueIdentifier>
    </Filter>
    <Filter Include="Src\Framework\Input">
      <UniqueIdentifier>{9bd33b87-53db-4bc0-b98d-80db98f4ba9b}</UniqueIdentifier>
    </Filter>
    <Filter Include="Src\Framework\Direct3D\Polygon">
      <UniqueIdentifier>{b91bce2d-4487-485a-a855-b2bb6ce0d30b}</UniqueIdentifier>
    </Filter>
    <Filter Include="Src\Framework\Shader\StandardShader">
      <UniqueIdentifier>{857913be-4481-4606-9719-87518d4a6aeb}</UniqueIdentifier>
    </Filter>
    <Filter Include="Src\Framework\Effekseer">
      <UniqueIdentifier>{c81b93e4-2f33-496a-985e-98658f1cec51}</UniqueIdentifier>
    </Filter>
    <Filter Include="Src\Application\Scene">
      <UniqueIdentifier>{da9235ec-08f1-4792-b71d-c58634fffb0f}</UniqueIdentifier>
    </Filter>
    <Filter Include="Src\Application\Scene\BaseScene">
      <UniqueIdentifier>{4a92479c-59c1-425c-bddf-335a143a7dd6}</UniqueIdentifier>
    </Filter>
    <Filter Include="Src\Application\Scene\TitleScene">
      <UniqueIdentifier>{d7ac0f8a-d355-4bcf-8801-9f5c06ab1e33}</UniqueIdentifier>
    </Filter>
    <Filter Include="Src\Application\Scene\GameScene">
      <UniqueIdentifier>{15b4a73e-7369-4959-bb49-4b163a24b7b5}</UniqueIdentifier>
    </Filter>
    <Filter Include="Library\imgui">
      <UniqueIdentifier>{4a041644-8c5d-42b5-9683-f28b8c790f4f}</UniqueIdentifier>
    </Filter>
    <Filter Include="Src\Application\GameObject">
      <UniqueIdentifier>{c8eeed44-235a-4eda-9689-532350b60789}</UniqueIdentifier>
    </Filter>
    <Filter Include="Src\Application\GameObject\Camera">
      <UniqueIdentifier>{781882e7-a4ba-44ae-b14e-75844a3802df}</UniqueIdentifier>
    </Filter>
    <Filter Include="Src\Application\GameObject\Camera\TPSCamera">
      <UniqueIdentifier>{c8cf7720-4d00-4c0b-a1cf-bc64280b295f}</UniqueIdentifier>
    </Filter>
    <Filter Include="Src\Application\GameObject\Character">
      <UniqueIdentifier>{ee5c1fb1-581e-4092-b586-8733c4ebbbb7}</UniqueIdentifier>
    </Filter>
    <Filter Include="Src\Application\GameObject\Character\Player">
      <UniqueIdentifier>{e406b39c-98ca-4dbc-aad2-f3d943bd632b}</UniqueIdentifier>
    </Filter>
    <Filter Include="Src\Application\GameObject\SkyBox">
      <UniqueIdentifier>{9c58ef51-86d0-4bf5-9205-a04249ca4610}</UniqueIdentifier>
    </Filter>
    <Filter Include="Src\Application\GameObject\Character\Action">
      <UniqueIdentifier>{6096abf0-115f-4212-8c4f-c4211e4c8288}</UniqueIdentifier>
    </Filter>
    <Filter Include="Src\Application\GameObject\Character\Action\Player">
      <UniqueIdentifier>{0eefed0f-1378-4ec4-ab8f-d5c80ba03aba}</UniqueIdentifier>
    </Filter>
    <Filter Include="Src\Application\GameObject\Character\Action\Player\Run">
      <UniqueIdentifier>{4996e4fd-4d29-45b0-8d44-d3e75f5c7dc5}</UniqueIdentifier>
    </Filter>
    <Filter Include="Src\Application\GameObject\Character\Action\Player\Idol">
      <UniqueIdentifier>{7b99e2b8-fc23-4c58-a358-e2ebde8a46f2}</UniqueIdentifier>
    </Filter>
    <Filter Include="Src\Application\GameObject\Character\Action\Player\Roll">
      <UniqueIdentifier>{79b13ae2-a426-456a-ad4f-2b256ccab563}</UniqueIdentifier>
    </Filter>
    <Filter Include="Src\Application\GameObject\Character\Action\Player\Guard">
      <UniqueIdentifier>{517e2d4c-a245-49e9-b936-b8472c54874d}</UniqueIdentifier>
    </Filter>
    <Filter Include="Src\Application\GameObject\Character\Action\Player\Attack">
      <UniqueIdentifier>{0252b22a-deb8-4c9c-9884-8a9df53a29aa}</UniqueIdentifier>
    </Filter>
    <Filter Include="Src\Application\GameObject\Stage">
      <UniqueIdentifier>{3239d098-54de-43c1-9f96-56c300b188c0}</UniqueIdentifier>
    </Filter>
    <Filter Include="Src\Application\GameObject\Character\Enemy">
      <UniqueIdentifier>{4dccf43d-50f2-425d-8842-a440d1c54774}</UniqueIdentifier>
    </Filter>
    <Filter Include="Src\Application\GameObject\Character\Enemy\Bone">
      <UniqueIdentifier>{866d8ab7-1703-4b74-b438-579645749bcb}</UniqueIdentifier>
    </Filter>
    <Filter Include="Src\Application\GameObject\Character\Action\Enemy">
      <UniqueIdentifier>{0bec7508-9c7b-4041-92fa-0c008727e956}</UniqueIdentifier>
    </Filter>
    <Filter Include="Src\Application\GameObject\Character\Action\Player\Hit">
      <UniqueIdentifier>{27422866-6bd7-470e-884a-d1f82839bc63}</UniqueIdentifier>
    </Filter>
    <Filter Include="Src\Application\GameObject\Character\Action\Player\GuardReaction">
      <UniqueIdentifier>{fbf10cc2-5b18-4948-af22-d519c87bbf0f}</UniqueIdentifier>
    </Filter>
    <Filter Include="Src\Application\GameObject\Character\Action\Player\Parry">
      <UniqueIdentifier>{2771c20a-b6b5-4470-976f-e87264548e49}</UniqueIdentifier>
    </Filter>
    <Filter Include="Src\Application\GameObject\Character\Action\Player\Counter">
      <UniqueIdentifier>{bbb0e903-43a8-483e-ab36-5f02c98d19f6}</UniqueIdentifier>
    </Filter>
    <Filter Include="Src\Application\GameObject\Weapon">
      <UniqueIdentifier>{ef1aa68a-185c-4004-be5f-184c89f8530b}</UniqueIdentifier>
    </Filter>
    <Filter Include="Src\Application\GameObject\Stage\Ground">
      <UniqueIdentifier>{5c55a015-8dea-4aff-9864-ca756baa22f3}</UniqueIdentifier>
    </Filter>
    <Filter Include="Src\Application\GameObject\Stage\Wall">
      <UniqueIdentifier>{724f80f5-7347-4e19-8442-4de4a07788a2}</UniqueIdentifier>
    </Filter>
    <Filter Include="Src\Application\GameObject\Weapon\Sword">
      <UniqueIdentifier>{86b2871a-7685-47af-a2b7-7b6b78d3c87c}</UniqueIdentifier>
    </Filter>
    <Filter Include="Src\Application\GameObject\Weapon\Shield">
      <UniqueIdentifier>{3aae3733-8ab8-4995-bfe1-c58e0e7eef89}</UniqueIdentifier>
    </Filter>
    <Filter Include="Src\Application\GameObject\Character\Action\Enemy\Bone">
      <UniqueIdentifier>{d8f610a8-eb6e-4bde-b870-5150be66c92e}</UniqueIdentifier>
    </Filter>
    <Filter Include="Src\Application\GameObject\Character\Action\Enemy\Bone\Attack">
      <UniqueIdentifier>{63bfe2fe-306d-475a-b6cb-293509b1a824}</UniqueIdentifier>
    </Filter>
    <Filter Include="Src\Application\GameObject\Character\Action\Enemy\Bone\Idol">
      <UniqueIdentifier>{91f97e2b-e61a-490d-997d-ee9a593983e6}</UniqueIdentifier>
    </Filter>
    <Filter Include="Src\Application\GameObject\Character\Action\Enemy\Bone\Run">
      <UniqueIdentifier>{a77dc544-b3f4-4a08-989c-d6cdfebec175}</UniqueIdentifier>
    </Filter>
    <Filter Include="Src\Application\GameObject\Character\Action\Enemy\Bone\Hit">
      <UniqueIdentifier>{78be2900-b1ca-40d5-aca2-87507d39fde9}</UniqueIdentifier>
    </Filter>
    <Filter Include="Src\Application\GameObject\Character\Action\Enemy\Bone\Stumble">
      <UniqueIdentifier>{a7b7cb83-188e-459a-a859-82a367eeae2f}</UniqueIdentifier>
    </Filter>
    <Filter Include="Src\Application\GameObject\UI">
      <UniqueIdentifier>{fef6b53d-8960-497a-ad8d-b9810d35e485}</UniqueIdentifier>
    </Filter>
    <Filter Include="Src\Application\GameObject\UI\Player">
      <UniqueIdentifier>{52845784-c664-4a81-853c-f0b7c47e1a9e}</UniqueIdentifier>
    </Filter>
    <Filter Include="Src\Application\GameObject\UI\Enemy">
      <UniqueIdentifier>{24af49a0-c4e0-4162-ac13-55d83ea7945b}</UniqueIdentifier>
    </Filter>
    <Filter Include="Src\Application\GameObject\UI\Player\HP">
      <UniqueIdentifier>{e84682f5-b9d5-4399-b9ab-3bb67718f1ce}</UniqueIdentifier>
    </Filter>
    <Filter Include="Src\Application\GameObject\UI\Player\Stamina">
      <UniqueIdentifier>{e31ca73f-9dfb-441d-8ba2-4c4d81cb70ff}</UniqueIdentifier>
    </Filter>
    <Filter Include="Src\Application\GameObject\Character\Action\Enemy\Bone\Appeal">
      <UniqueIdentifier>{a335f648-2bb7-4090-b39d-d6bacf9e2a72}</UniqueIdentifier>
    </Filter>
    <Filter Include="Src\Application\GameObject\UI\Enemy\HP">
      <UniqueIdentifier>{620356b5-12c6-443d-acc3-dfe6ba4f1402}</UniqueIdentifier>
    </Filter>
    <Filter Include="Src\Application\GameObject\Loading">
      <UniqueIdentifier>{2952061d-de44-4de2-80ad-a73bb15af75d}</UniqueIdentifier>
    </Filter>
    <Filter Include="Src\Application\GameObject\Stage\Circle">
      <UniqueIdentifier>{8ec3fc6d-06c5-475b-84ed-cb3ffcecfcd3}</UniqueIdentifier>
    </Filter>
    <Filter Include="Src\Application\GameObject\Stage\MagicPolygon">
      <UniqueIdentifier>{025b20cb-c79d-4b3e-b1b6-3adc4703eb8e}</UniqueIdentifier>
    </Filter>
    <Filter Include="Src\Application\GameObject\Character\Enemy\Golem">
      <UniqueIdentifier>{6180fbf8-467c-4202-83a6-29ab5659f332}</UniqueIdentifier>
    </Filter>
    <Filter Include="Src\Application\GameObject\Character\Enemy\Golem\Laser">
      <UniqueIdentifier>{192ec523-1876-4ba0-8e0e-a7df860caed0}</UniqueIdentifier>
    </Filter>
    <Filter Include="Src\Application\GameObject\Character\Action\Enemy\Golem">
      <UniqueIdentifier>{8f12c8d8-7b48-44a2-978f-496f0b10c41a}</UniqueIdentifier>
    </Filter>
    <Filter Include="Src\Application\GameObject\Character\Action\Enemy\Golem\Idol">
      <UniqueIdentifier>{5f6d426c-b586-430a-ae4f-4927cbf34d9c}</UniqueIdentifier>
    </Filter>
    <Filter Include="Src\Application\GameObject\Character\Action\Enemy\Golem\Appeal">
      <UniqueIdentifier>{5579f4ac-2c2b-46c9-acab-eda1d6556a48}</UniqueIdentifier>
    </Filter>
    <Filter Include="Src\Application\GameObject\Character\Action\Enemy\Golem\Attack">
      <UniqueIdentifier>{ef39f84f-f79f-4f76-a604-a175da9dc93d}</UniqueIdentifier>
    </Filter>
    <Filter Include="Src\Application\GameObject\Character\Action\Enemy\Golem\Hit">
      <UniqueIdentifier>{f023cc5d-bc3e-43de-9399-0ad26ffdc43a}</UniqueIdentifier>
    </Filter>
    <Filter Include="Src\Application\GameObject\Character\Action\Enemy\Golem\Run">
      <UniqueIdentifier>{196349be-abdb-4a74-b435-bb1e92939978}</UniqueIdentifier>
    </Filter>
    <Filter Include="Src\Application\GameObject\Character\Action\Enemy\Golem\Stumble">
      <UniqueIdentifier>{91fb060a-bdba-4538-a5d7-ae18be927cef}</UniqueIdentifier>
    </Filter>
    <Filter Include="Src\Application\GameObject\UI\Player\LockON">
      <UniqueIdentifier>{04eb853b-cfff-4568-aa40-301bc7597af6}</UniqueIdentifier>
    </Filter>
    <Filter Include="Src\Application\GameObject\UI\Player\Floor">
      <UniqueIdentifier>{d279b14f-5150-41ef-ad65-e70061b65305}</UniqueIdentifier>
    </Filter>
    <Filter Include="Src\Application\GameObject\UI\Title">
      <UniqueIdentifier>{e1b6465f-e950-4991-b599-f8902824951f}</UniqueIdentifier>
    </Filter>
    <Filter Include="Src\Application\GameObject\Camera\TitleCamera">
      <UniqueIdentifier>{642fefe1-e907-4a37-9885-52d377dc5030}</UniqueIdentifier>
    </Filter>
    <Filter Include="Src\Application\GameObject\UI\Title\Game">
      <UniqueIdentifier>{7db260f7-f56e-4d46-bb31-311349c3e3fc}</UniqueIdentifier>
    </Filter>
    <Filter Include="Src\Application\GameObject\UI\Title\Title">
      <UniqueIdentifier>{5c5c8c58-fc1d-47b0-9a1a-59026613d927}</UniqueIdentifier>
    </Filter>
    <Filter Include="Src\Application\GameObject\UI\Title\Exit">
      <UniqueIdentifier>{f5138d53-a1e1-4cf5-98b5-3599a6d1c7ab}</UniqueIdentifier>
    </Filter>
    <Filter Include="Src\Application\GameObject\UI\Title\Cursor">
      <UniqueIdentifier>{641d724f-e0a8-4858-8b6d-87cf5b85f721}</UniqueIdentifier>
    </Filter>
    <Filter Include="Src\Application\GameObject\UI\Title\Guide">
      <UniqueIdentifier>{ccd76859-06f0-4ff8-8792-2f43d3ac9cfa}</UniqueIdentifier>
    </Filter>
    <Filter Include="Src\Application\GameObject\Camera\GameCamera">
      <UniqueIdentifier>{a70532aa-9b5e-4308-8f79-0a6d219a0072}</UniqueIdentifier>
    </Filter>
    <Filter Include="Src\Application\GameObject\Camera\GameCamera\PlayerCamera">
      <UniqueIdentifier>{2d3ddaa1-71ff-4583-96cc-28026eaef3fe}</UniqueIdentifier>
    </Filter>
    <Filter Include="Src\Application\GameObject\Camera\GameCamera\FixedCamera">
      <UniqueIdentifier>{9c6f56cf-bb44-4c62-9ac7-9c7653d8fe5b}</UniqueIdentifier>
    </Filter>
    <Filter Include="Src\Application\GameObject\Camera\GameCamera\ClearCamera">
      <UniqueIdentifier>{197770a6-ca3d-49fe-9466-bf49b9138185}</UniqueIdentifier>
    </Filter>
    <Filter Include="Src\Application\GameObject\Character\Action\Enemy\Bone\Crushing">
      <UniqueIdentifier>{5dd3f2ce-ca5a-4bd6-9f95-a909dddc4b74}</UniqueIdentifier>
    </Filter>
    <Filter Include="Src\Application\GameObject\Character\Action\Player\Crushing">
      <UniqueIdentifier>{6e6b4405-85a2-45cd-8a54-7e4cb0747e5b}</UniqueIdentifier>
    </Filter>
  </ItemGroup>
  <ItemGroup>
    <ClInclude Include="src\Pch.h">
      <Filter>Src</Filter>
    </ClInclude>
    <ClInclude Include="..\Library\tinygltf\json.hpp">
      <Filter>Library\tinygltf</Filter>
    </ClInclude>
    <ClInclude Include="..\Library\tinygltf\stb_image.h">
      <Filter>Library\tinygltf</Filter>
    </ClInclude>
    <ClInclude Include="..\Library\tinygltf\stb_image_write.h">
      <Filter>Library\tinygltf</Filter>
    </ClInclude>
    <ClInclude Include="..\Library\tinygltf\tiny_gltf.h">
      <Filter>Library\tinygltf</Filter>
    </ClInclude>
    <ClInclude Include="Src\Application\main.h">
      <Filter>Src\Application</Filter>
    </ClInclude>
    <ClInclude Include="src\Framework\Direct3D\KdDirect3D.h">
      <Filter>Src\Framework\Direct3D</Filter>
    </ClInclude>
    <ClInclude Include="src\Framework\Direct3D\KdTexture.h">
      <Filter>Src\Framework\Direct3D</Filter>
    </ClInclude>
    <ClInclude Include="src\Framework\Direct3D\KdBuffer.h">
      <Filter>Src\Framework\Direct3D</Filter>
    </ClInclude>
    <ClInclude Include="Src\Framework\Direct3D\KdGLTFLoader.h">
      <Filter>Src\Framework\Direct3D</Filter>
    </ClInclude>
    <ClInclude Include="Src\Framework\Shader\KdShaderManager.h">
      <Filter>Src\Framework\Shader</Filter>
    </ClInclude>
    <ClInclude Include="Src\Framework\Shader\SpriteShader\KdSpriteShader.h">
      <Filter>Src\Framework\Shader\SpriteShader</Filter>
    </ClInclude>
    <ClInclude Include="src\Framework\Utility\KdUtility.h">
      <Filter>Src\Framework\Utility</Filter>
    </ClInclude>
    <ClInclude Include="src\Framework\KdFramework.h">
      <Filter>Src\Framework</Filter>
    </ClInclude>
    <ClInclude Include="..\Library\strconv.h">
      <Filter>Library</Filter>
    </ClInclude>
    <ClInclude Include="src\Framework\Window\KdWindow.h">
      <Filter>Src\Framework\Window</Filter>
    </ClInclude>
    <ClInclude Include="src\Framework\Direct3D\KdMesh.h">
      <Filter>Src\Framework\Direct3D</Filter>
    </ClInclude>
    <ClInclude Include="Src\Framework\Direct3D\KdModel.h">
      <Filter>Src\Framework\Direct3D</Filter>
    </ClInclude>
    <ClInclude Include="Src\Framework\Math\KdCollision.h">
      <Filter>Src\Framework\Math</Filter>
    </ClInclude>
    <ClInclude Include="Src\Framework\Math\KdAnimation.h">
      <Filter>Src\Framework\Math</Filter>
    </ClInclude>
    <ClInclude Include="Src\Framework\Audio\KdAudio.h">
      <Filter>Src\Framework\Audio</Filter>
    </ClInclude>
    <ClInclude Include="Src\Framework\Direct3D\KdCamera.h">
      <Filter>Src\Framework\Direct3D</Filter>
    </ClInclude>
    <ClInclude Include="Src\Framework\Shader\PostProcessShader\KdPostProcessShader.h">
      <Filter>Src\Framework\Shader\PostProcessShader</Filter>
    </ClInclude>
    <ClInclude Include="Src\Framework\Math\KdCollider.h">
      <Filter>Src\Framework\Math</Filter>
    </ClInclude>
    <ClInclude Include="Src\Framework\Math\KdEasing.h">
      <Filter>Src\Framework\Math</Filter>
    </ClInclude>
    <ClInclude Include="Src\Framework\GameObject\KdGameObject.h">
      <Filter>Src\Framework\GameObject</Filter>
    </ClInclude>
    <ClInclude Include="Src\Framework\GameObject\KdGameObjectFactory.h">
      <Filter>Src\Framework\GameObject</Filter>
    </ClInclude>
    <ClInclude Include="Src\Framework\Input\KdInput.h">
      <Filter>Src\Framework\Input</Filter>
    </ClInclude>
    <ClInclude Include="Src\Framework\Utility\KdCSVData.h">
      <Filter>Src\Framework\Utility</Filter>
    </ClInclude>
    <ClInclude Include="Src\Framework\Direct3D\Polygon\KdPolygon.h">
      <Filter>Src\Framework\Direct3D\Polygon</Filter>
    </ClInclude>
    <ClInclude Include="Src\Framework\Direct3D\Polygon\KdSquarePolygon.h">
      <Filter>Src\Framework\Direct3D\Polygon</Filter>
    </ClInclude>
    <ClInclude Include="Src\Framework\Direct3D\Polygon\KdTrailPolygon.h">
      <Filter>Src\Framework\Direct3D\Polygon</Filter>
    </ClInclude>
    <ClInclude Include="Src\Framework\Direct3D\KdMaterial.h">
      <Filter>Src\Framework\Direct3D</Filter>
    </ClInclude>
    <ClInclude Include="Src\Framework\Utility\KdDataStorage.h">
      <Filter>Src\Framework\Utility</Filter>
    </ClInclude>
    <ClInclude Include="Src\Framework\Shader\KdAmbientController.h">
      <Filter>Src\Framework\Shader</Filter>
    </ClInclude>
    <ClInclude Include="Src\Framework\Math\KdUVAnimation.h">
      <Filter>Src\Framework\Math</Filter>
    </ClInclude>
    <ClInclude Include="Src\Framework\Shader\KdRenderTargetChange.h">
      <Filter>Src\Framework\Shader</Filter>
    </ClInclude>
    <ClInclude Include="Src\Framework\Utility\KdFPSController.h">
      <Filter>Src\Framework\Utility</Filter>
    </ClInclude>
    <ClInclude Include="Src\Framework\Utility\KdDebugWireFrame.h">
      <Filter>Src\Framework\Utility</Filter>
    </ClInclude>
    <ClInclude Include="Src\Framework\Shader\StandardShader\KdStandardShader.h">
      <Filter>Src\Framework\Shader\StandardShader</Filter>
    </ClInclude>
    <ClInclude Include="Src\Framework\Effekseer\KdEffekseerManager.h">
      <Filter>Src\Framework\Effekseer</Filter>
    </ClInclude>
    <ClInclude Include="Src\Application\Scene\SceneManager.h">
      <Filter>Src\Application\Scene</Filter>
    </ClInclude>
    <ClInclude Include="Src\Application\Scene\BaseScene\BaseScene.h">
      <Filter>Src\Application\Scene\BaseScene</Filter>
    </ClInclude>
    <ClInclude Include="Src\Application\Scene\GameScene\GameScene.h">
      <Filter>Src\Application\Scene\GameScene</Filter>
    </ClInclude>
    <ClInclude Include="Src\Application\Scene\TitleScene\TitleScene.h">
      <Filter>Src\Application\Scene\TitleScene</Filter>
    </ClInclude>
    <ClInclude Include="..\Library\imgui\imconfig.h">
      <Filter>Library\imgui</Filter>
    </ClInclude>
    <ClInclude Include="..\Library\imgui\imgui.h">
      <Filter>Library\imgui</Filter>
    </ClInclude>
    <ClInclude Include="..\Library\imgui\imgui_impl_dx11.h">
      <Filter>Library\imgui</Filter>
    </ClInclude>
    <ClInclude Include="..\Library\imgui\imgui_impl_win32.h">
      <Filter>Library\imgui</Filter>
    </ClInclude>
    <ClInclude Include="..\Library\imgui\imgui_internal.h">
      <Filter>Library\imgui</Filter>
    </ClInclude>
    <ClInclude Include="..\Library\imgui\imstb_rectpack.h">
      <Filter>Library\imgui</Filter>
    </ClInclude>
    <ClInclude Include="..\Library\imgui\imstb_textedit.h">
      <Filter>Library\imgui</Filter>
    </ClInclude>
    <ClInclude Include="..\Library\imgui\imstb_truetype.h">
      <Filter>Library\imgui</Filter>
    </ClInclude>
    <ClInclude Include="..\Library\imgui\imgui_stdlib.h">
      <Filter>Library\imgui</Filter>
    </ClInclude>
    <ClInclude Include="..\Library\imgui\ja_glyph_ranges.h">
      <Filter>Library\imgui</Filter>
    </ClInclude>
    <ClInclude Include="Src\Application\GameObject\Camera\CameraBase.h">
      <Filter>Src\Application\GameObject\Camera</Filter>
    </ClInclude>
    <ClInclude Include="Src\Application\GameObject\Camera\TPSCamera\TPSCamera.h">
      <Filter>Src\Application\GameObject\Camera\TPSCamera</Filter>
    </ClInclude>
    <ClInclude Include="Src\Application\GameObject\Character\CharacterBase.h">
      <Filter>Src\Application\GameObject\Character</Filter>
    </ClInclude>
    <ClInclude Include="Src\Application\GameObject\Character\Player\Player.h">
      <Filter>Src\Application\GameObject\Character\Player</Filter>
    </ClInclude>
    <ClInclude Include="Src\Application\GameObject\SkyBox\SkyBox.h">
      <Filter>Src\Application\GameObject\SkyBox</Filter>
    </ClInclude>
    <ClInclude Include="Src\Application\GameObject\Character\Action\ActionBase.h">
      <Filter>Src\Application\GameObject\Character\Action</Filter>
    </ClInclude>
    <ClInclude Include="Src\Application\GameObject\Character\Action\Player\Run\Player_Run.h">
      <Filter>Src\Application\GameObject\Character\Action\Player\Run</Filter>
    </ClInclude>
    <ClInclude Include="Src\Application\GameObject\Character\Action\Player\Idol\Player_Idol.h">
      <Filter>Src\Application\GameObject\Character\Action\Player\Idol</Filter>
    </ClInclude>
    <ClInclude Include="Src\Application\GameObject\Character\Action\Player\Roll\Player_Roll.h">
      <Filter>Src\Application\GameObject\Character\Action\Player\Roll</Filter>
    </ClInclude>
    <ClInclude Include="Src\Application\GameObject\Character\Action\Player\Guard\Player_Guard.h">
      <Filter>Src\Application\GameObject\Character\Action\Player\Guard</Filter>
    </ClInclude>
    <ClInclude Include="Src\Application\GameObject\Character\Action\Player\Attack\Player_Attack.h">
      <Filter>Src\Application\GameObject\Character\Action\Player\Attack</Filter>
    </ClInclude>
    <ClInclude Include="Src\Application\GameObject\Character\Action\Player\Hit\Player_Hit.h">
      <Filter>Src\Application\GameObject\Character\Action\Player\Hit</Filter>
    </ClInclude>
    <ClInclude Include="Src\Application\GameObject\Character\Action\Player\GuardReaction\Player_GuardReaction.h">
      <Filter>Src\Application\GameObject\Character\Action\Player\GuardReaction</Filter>
    </ClInclude>
    <ClInclude Include="Src\Application\GameObject\Character\Action\Player\Parry\Player_Parry.h">
      <Filter>Src\Application\GameObject\Character\Action\Player\Parry</Filter>
    </ClInclude>
    <ClInclude Include="Src\Application\GameObject\Character\Action\Player\Counter\Player_Counter.h">
      <Filter>Src\Application\GameObject\Character\Action\Player\Counter</Filter>
    </ClInclude>
    <ClInclude Include="Src\Application\GameObject\ObjectManager.h">
      <Filter>Src\Application\GameObject</Filter>
    </ClInclude>
    <ClInclude Include="Src\Application\GameObject\Character\Action\Player\Player_ActionState.h">
      <Filter>Src\Application\GameObject\Character\Action\Player</Filter>
    </ClInclude>
    <ClInclude Include="Src\Application\GameObject\Character\Action\Player\Player_ConText.h">
      <Filter>Src\Application\GameObject\Character\Action\Player</Filter>
    </ClInclude>
    <ClInclude Include="Src\Application\GameObject\Character\Enemy\Bone\Bone.h">
      <Filter>Src\Application\GameObject\Character\Enemy\Bone</Filter>
    </ClInclude>
    <ClInclude Include="Src\Application\GameObject\Character\Action\Enemy\Enemy_ConText.h">
      <Filter>Src\Application\GameObject\Character\Action\Enemy</Filter>
    </ClInclude>
    <ClInclude Include="Src\Application\GameObject\Character\Action\Enemy\Enemy_ActionState.h">
      <Filter>Src\Application\GameObject\Character\Action\Enemy</Filter>
    </ClInclude>
    <ClInclude Include="Src\Application\GameObject\Stage\Ground\Ground.h">
      <Filter>Src\Application\GameObject\Stage\Ground</Filter>
    </ClInclude>
    <ClInclude Include="Src\Application\GameObject\Stage\Wall\Wall.h">
      <Filter>Src\Application\GameObject\Stage\Wall</Filter>
    </ClInclude>
    <ClInclude Include="Src\Application\GameObject\Character\Enemy\EnemyBase.h">
      <Filter>Src\Application\GameObject\Character\Enemy</Filter>
    </ClInclude>
    <ClInclude Include="Src\Application\GameObject\Weapon\WeaponBase.h">
      <Filter>Src\Application\GameObject\Weapon</Filter>
    </ClInclude>
    <ClInclude Include="Src\Application\GameObject\Weapon\Sword\Sword.h">
      <Filter>Src\Application\GameObject\Weapon\Sword</Filter>
    </ClInclude>
    <ClInclude Include="Src\Application\GameObject\Weapon\Shield\Shield.h">
      <Filter>Src\Application\GameObject\Weapon\Shield</Filter>
    </ClInclude>
    <ClInclude Include="Src\Application\GameObject\Character\Action\Enemy\Bone\Bone_ActionState.h">
      <Filter>Src\Application\GameObject\Character\Action\Enemy\Bone</Filter>
    </ClInclude>
    <ClInclude Include="Src\Application\GameObject\Character\Action\Enemy\Bone\Idol\Bone_Idol.h">
      <Filter>Src\Application\GameObject\Character\Action\Enemy\Bone\Idol</Filter>
    </ClInclude>
    <ClInclude Include="Src\Application\GameObject\Character\Action\Enemy\Bone\Run\Bone_Run.h">
      <Filter>Src\Application\GameObject\Character\Action\Enemy\Bone\Run</Filter>
    </ClInclude>
    <ClInclude Include="Src\Application\GameObject\Character\Action\Enemy\Bone\Hit\Bone_Hit.h">
      <Filter>Src\Application\GameObject\Character\Action\Enemy\Bone\Hit</Filter>
    </ClInclude>
    <ClInclude Include="Src\Application\GameObject\Character\Action\Enemy\Bone\Attack\Bone_Attack.h">
      <Filter>Src\Application\GameObject\Character\Action\Enemy\Bone\Attack</Filter>
    </ClInclude>
    <ClInclude Include="Src\Application\GameObject\Character\Action\Enemy\Bone\Stumble\Bone_Stumble.h">
      <Filter>Src\Application\GameObject\Character\Action\Enemy\Bone\Stumble</Filter>
    </ClInclude>
    <ClInclude Include="Src\Application\GameObject\UI\UIBase.h">
      <Filter>Src\Application\GameObject\UI</Filter>
    </ClInclude>
    <ClInclude Include="Src\Application\GameObject\UI\Player\HP\Player_HP.h">
      <Filter>Src\Application\GameObject\UI\Player\HP</Filter>
    </ClInclude>
    <ClInclude Include="Src\Application\GameObject\UI\Player\Stamina\Player_Stamina.h">
      <Filter>Src\Application\GameObject\UI\Player\Stamina</Filter>
    </ClInclude>
    <ClInclude Include="Src\Application\GameObject\Character\Action\Enemy\Bone\Appeal\Bone_Appeal.h">
      <Filter>Src\Application\GameObject\Character\Action\Enemy\Bone\Appeal</Filter>
    </ClInclude>
    <ClInclude Include="Src\Application\GameObject\UI\Enemy\HP\Enemy_HP.h">
      <Filter>Src\Application\GameObject\UI\Enemy\HP</Filter>
    </ClInclude>
    <ClInclude Include="Src\Application\GameObject\Loading\Loading.h">
      <Filter>Src\Application\GameObject\Loading</Filter>
    </ClInclude>
    <ClInclude Include="Src\Application\GameObject\Stage\Circle\Circle.h">
      <Filter>Src\Application\GameObject\Stage\Circle</Filter>
    </ClInclude>
    <ClInclude Include="Src\Application\GameObject\Stage\MagicPolygon\MagicPolygon.h">
      <Filter>Src\Application\GameObject\Stage\MagicPolygon</Filter>
    </ClInclude>
    <ClInclude Include="Src\Application\GameObject\Character\Enemy\Golem\Golem.h">
      <Filter>Src\Application\GameObject\Character\Enemy\Golem</Filter>
    </ClInclude>
    <ClInclude Include="Src\Application\GameObject\Character\Enemy\Golem\Laser\Laser.h">
      <Filter>Src\Application\GameObject\Character\Enemy\Golem\Laser</Filter>
    </ClInclude>
    <ClInclude Include="Src\Application\GameObject\Character\Action\Enemy\Golem\Golem_ActionState.h">
      <Filter>Src\Application\GameObject\Character\Action\Enemy\Golem</Filter>
    </ClInclude>
    <ClInclude Include="Src\Application\GameObject\Character\Action\Enemy\Golem\Idol\Golem_Idol.h">
      <Filter>Src\Application\GameObject\Character\Action\Enemy\Golem\Idol</Filter>
    </ClInclude>
    <ClInclude Include="Src\Application\GameObject\Character\Action\Enemy\Golem\Appeal\Golem_Appeal.h">
      <Filter>Src\Application\GameObject\Character\Action\Enemy\Golem\Appeal</Filter>
    </ClInclude>
    <ClInclude Include="Src\Application\GameObject\Character\Action\Enemy\Golem\Hit\Golem_Hit.h">
      <Filter>Src\Application\GameObject\Character\Action\Enemy\Golem\Hit</Filter>
    </ClInclude>
    <ClInclude Include="Src\Application\GameObject\Character\Action\Enemy\Golem\Stumble\Golem_Stumble.h">
      <Filter>Src\Application\GameObject\Character\Action\Enemy\Golem\Stumble</Filter>
    </ClInclude>
    <ClInclude Include="Src\Application\GameObject\Character\Action\Enemy\Golem\Attack\Golem_Attack.h">
      <Filter>Src\Application\GameObject\Character\Action\Enemy\Golem\Attack</Filter>
    </ClInclude>
    <ClInclude Include="Src\Application\GameObject\UI\Player\LockON\LockON.h">
      <Filter>Src\Application\GameObject\UI\Player\LockON</Filter>
    </ClInclude>
    <ClInclude Include="Src\Application\GameObject\UI\Player\Floor\Floor.h">
      <Filter>Src\Application\GameObject\UI\Player\Floor</Filter>
    </ClInclude>
    <ClInclude Include="Src\Application\GameObject\Camera\TitleCamera\TitleCamera.h">
      <Filter>Src\Application\GameObject\Camera\TitleCamera</Filter>
    </ClInclude>
    <ClInclude Include="Src\Application\GameObject\UI\Title\Title\TItle.h">
      <Filter>Src\Application\GameObject\UI\Title\Title</Filter>
    </ClInclude>
    <ClInclude Include="Src\Application\GameObject\UI\Title\Game\Game.h">
      <Filter>Src\Application\GameObject\UI\Title\Game</Filter>
    </ClInclude>
    <ClInclude Include="Src\Application\GameObject\UI\Title\Exit\Exit.h">
      <Filter>Src\Application\GameObject\UI\Title\Exit</Filter>
    </ClInclude>
    <ClInclude Include="Src\Application\GameObject\UI\Title\Cursor\Cursor.h">
      <Filter>Src\Application\GameObject\UI\Title\Cursor</Filter>
    </ClInclude>
    <ClInclude Include="Src\Application\GameObject\UI\Title\Guide\Guide.h">
      <Filter>Src\Application\GameObject\UI\Title\Guide</Filter>
    </ClInclude>
    <ClInclude Include="Src\Application\GameObject\Character\Action\Enemy\Golem\Run\Golem_Run.h">
      <Filter>Src\Application\GameObject\Character\Action\Enemy\Golem\Run</Filter>
    </ClInclude>
    <ClInclude Include="Src\Application\GameObject\Camera\GameCamera\GameCamera.h">
      <Filter>Src\Application\GameObject\Camera\GameCamera</Filter>
    </ClInclude>
    <ClInclude Include="Src\Application\GameObject\Camera\GameCamera\GameCamera_ConText.h">
      <Filter>Src\Application\GameObject\Camera\GameCamera</Filter>
    </ClInclude>
    <ClInclude Include="Src\Application\GameObject\Camera\GameCamera\GameCamera_State.h">
      <Filter>Src\Application\GameObject\Camera\GameCamera</Filter>
    </ClInclude>
    <ClInclude Include="Src\Application\GameObject\Camera\GameCamera\PlayerCamera\GameCamera_Player.h">
      <Filter>Src\Application\GameObject\Camera\GameCamera\PlayerCamera</Filter>
    </ClInclude>
    <ClInclude Include="Src\Application\GameObject\Camera\GameCamera\FixedCamera\FixedCamera.h">
      <Filter>Src\Application\GameObject\Camera\GameCamera\FixedCamera</Filter>
    </ClInclude>
    <ClInclude Include="Src\Application\GameObject\Camera\GameCamera\ClearCamera\GameCamera_Clear.h">
      <Filter>Src\Application\GameObject\Camera\GameCamera\ClearCamera</Filter>
    </ClInclude>
    <ClInclude Include="Src\Application\GameObject\Character\Enemy\EnemyManager.h">
      <Filter>Src\Application\GameObject\Character\Enemy</Filter>
    </ClInclude>
    <ClInclude Include="Src\Application\GameObject\Character\Action\Enemy\Bone\Crushing\Bone_Crushing.h">
      <Filter>Src\Application\GameObject\Character\Action\Enemy\Bone\Crushing</Filter>
    </ClInclude>
    <ClInclude Include="Src\Application\GameObject\Character\Action\Player\Crushing\Player_Crushing.h">
      <Filter>Src\Application\GameObject\Character\Action\Player\Crushing</Filter>
    </ClInclude>
  </ItemGroup>
  <ItemGroup>
    <ClCompile Include="src\Pch.cpp">
      <Filter>Src</Filter>
    </ClCompile>
    <ClCompile Include="Src\Application\main.cpp">
      <Filter>Src\Application</Filter>
    </ClCompile>
    <ClCompile Include="src\Framework\Direct3D\KdDirect3D.cpp">
      <Filter>Src\Framework\Direct3D</Filter>
    </ClCompile>
    <ClCompile Include="src\Framework\Direct3D\KdTexture.cpp">
      <Filter>Src\Framework\Direct3D</Filter>
    </ClCompile>
    <ClCompile Include="src\Framework\Direct3D\KdBuffer.cpp">
      <Filter>Src\Framework\Direct3D</Filter>
    </ClCompile>
    <ClCompile Include="Src\Framework\Direct3D\KdGLTFLoader.cpp">
      <Filter>Src\Framework\Direct3D</Filter>
    </ClCompile>
    <ClCompile Include="Src\Framework\Shader\KdShaderManager.cpp">
      <Filter>Src\Framework\Shader</Filter>
    </ClCompile>
    <ClCompile Include="Src\Framework\Shader\SpriteShader\KdSpriteShader.cpp">
      <Filter>Src\Framework\Shader\SpriteShader</Filter>
    </ClCompile>
    <ClCompile Include="src\Framework\Window\KdWindow.cpp">
      <Filter>Src\Framework\Window</Filter>
    </ClCompile>
    <ClCompile Include="Src\Framework\Utility\KdUtility.cpp">
      <Filter>Src\Framework\Utility</Filter>
    </ClCompile>
    <ClCompile Include="src\Framework\Direct3D\KdMesh.cpp">
      <Filter>Src\Framework\Direct3D</Filter>
    </ClCompile>
    <ClCompile Include="Src\Framework\Direct3D\KdModel.cpp">
      <Filter>Src\Framework\Direct3D</Filter>
    </ClCompile>
    <ClCompile Include="Src\Framework\Math\KdCollision.cpp">
      <Filter>Src\Framework\Math</Filter>
    </ClCompile>
    <ClCompile Include="Src\Framework\Math\KdAnimation.cpp">
      <Filter>Src\Framework\Math</Filter>
    </ClCompile>
    <ClCompile Include="Src\Framework\Audio\KdAudio.cpp">
      <Filter>Src\Framework\Audio</Filter>
    </ClCompile>
    <ClCompile Include="Src\Framework\Direct3D\KdCamera.cpp">
      <Filter>Src\Framework\Direct3D</Filter>
    </ClCompile>
    <ClCompile Include="Src\Framework\Shader\PostProcessShader\KdPostProcessShader.cpp">
      <Filter>Src\Framework\Shader\PostProcessShader</Filter>
    </ClCompile>
    <ClCompile Include="Src\Framework\Math\KdCollider.cpp">
      <Filter>Src\Framework\Math</Filter>
    </ClCompile>
    <ClCompile Include="Src\Framework\Math\KdEasing.cpp">
      <Filter>Src\Framework\Math</Filter>
    </ClCompile>
    <ClCompile Include="Src\Framework\GameObject\KdGameObject.cpp">
      <Filter>Src\Framework\GameObject</Filter>
    </ClCompile>
    <ClCompile Include="Src\Framework\GameObject\KdGameObjectFactory.cpp">
      <Filter>Src\Framework\GameObject</Filter>
    </ClCompile>
    <ClCompile Include="Src\Framework\Input\KdInput.cpp">
      <Filter>Src\Framework\Input</Filter>
    </ClCompile>
    <ClCompile Include="Src\Framework\Utility\KdCSVData.cpp">
      <Filter>Src\Framework\Utility</Filter>
    </ClCompile>
    <ClCompile Include="Src\Framework\Direct3D\Polygon\KdSquarePolygon.cpp">
      <Filter>Src\Framework\Direct3D\Polygon</Filter>
    </ClCompile>
    <ClCompile Include="Src\Framework\Direct3D\Polygon\KdTrailPolygon.cpp">
      <Filter>Src\Framework\Direct3D\Polygon</Filter>
    </ClCompile>
    <ClCompile Include="Src\Framework\Direct3D\KdMaterial.cpp">
      <Filter>Src\Framework\Direct3D</Filter>
    </ClCompile>
    <ClCompile Include="Src\Framework\Direct3D\Polygon\KdPolygon.cpp">
      <Filter>Src\Framework\Direct3D\Polygon</Filter>
    </ClCompile>
    <ClCompile Include="Src\Framework\Shader\KdAmbientController.cpp">
      <Filter>Src\Framework\Shader</Filter>
    </ClCompile>
    <ClCompile Include="Src\Framework\Math\KdUVAnimation.cpp">
      <Filter>Src\Framework\Math</Filter>
    </ClCompile>
    <ClCompile Include="Src\Framework\Shader\KdRenderTargetChange.cpp">
      <Filter>Src\Framework\Shader</Filter>
    </ClCompile>
    <ClCompile Include="Src\Framework\Utility\KdFPSController.cpp">
      <Filter>Src\Framework\Utility</Filter>
    </ClCompile>
    <ClCompile Include="Src\Framework\Utility\KdDebugWireFrame.cpp">
      <Filter>Src\Framework\Utility</Filter>
    </ClCompile>
    <ClCompile Include="Src\Framework\Shader\StandardShader\KdStandardShader.cpp">
      <Filter>Src\Framework\Shader\StandardShader</Filter>
    </ClCompile>
    <ClCompile Include="Src\Framework\Effekseer\KdEffekseerManager.cpp">
      <Filter>Src\Framework\Effekseer</Filter>
    </ClCompile>
    <ClCompile Include="Src\Application\Scene\SceneManager.cpp">
      <Filter>Src\Application\Scene</Filter>
    </ClCompile>
    <ClCompile Include="Src\Application\Scene\BaseScene\BaseScene.cpp">
      <Filter>Src\Application\Scene\BaseScene</Filter>
    </ClCompile>
    <ClCompile Include="Src\Application\Scene\GameScene\GameScene.cpp">
      <Filter>Src\Application\Scene\GameScene</Filter>
    </ClCompile>
    <ClCompile Include="Src\Application\Scene\TitleScene\TitleScene.cpp">
      <Filter>Src\Application\Scene\TitleScene</Filter>
    </ClCompile>
    <ClCompile Include="..\Library\imgui\imgui.cpp">
      <Filter>Library\imgui</Filter>
    </ClCompile>
    <ClCompile Include="..\Library\imgui\imgui_demo.cpp">
      <Filter>Library\imgui</Filter>
    </ClCompile>
    <ClCompile Include="..\Library\imgui\imgui_draw.cpp">
      <Filter>Library\imgui</Filter>
    </ClCompile>
    <ClCompile Include="..\Library\imgui\imgui_impl_dx11.cpp">
      <Filter>Library\imgui</Filter>
    </ClCompile>
    <ClCompile Include="..\Library\imgui\imgui_impl_win32.cpp">
      <Filter>Library\imgui</Filter>
    </ClCompile>
    <ClCompile Include="..\Library\imgui\imgui_tables.cpp">
      <Filter>Library\imgui</Filter>
    </ClCompile>
    <ClCompile Include="..\Library\imgui\imgui_widgets.cpp">
      <Filter>Library\imgui</Filter>
    </ClCompile>
    <ClCompile Include="..\Library\imgui\imgui_stdlib.cpp">
      <Filter>Library\imgui</Filter>
    </ClCompile>
    <ClCompile Include="Src\Application\GameObject\Camera\CameraBase.cpp">
      <Filter>Src\Application\GameObject\Camera</Filter>
    </ClCompile>
    <ClCompile Include="Src\Application\GameObject\Camera\TPSCamera\TPSCamera.cpp">
      <Filter>Src\Application\GameObject\Camera\TPSCamera</Filter>
    </ClCompile>
    <ClCompile Include="Src\Application\GameObject\Character\CharacterBase.cpp">
      <Filter>Src\Application\GameObject\Character</Filter>
    </ClCompile>
    <ClCompile Include="Src\Application\GameObject\Character\Player\Player.cpp">
      <Filter>Src\Application\GameObject\Character\Player</Filter>
    </ClCompile>
    <ClCompile Include="Src\Application\GameObject\SkyBox\SkyBox.cpp">
      <Filter>Src\Application\GameObject\SkyBox</Filter>
    </ClCompile>
    <ClCompile Include="Src\Application\GameObject\Character\Action\ActionBase.cpp">
      <Filter>Src\Application\GameObject\Character\Action</Filter>
    </ClCompile>
    <ClCompile Include="Src\Application\GameObject\Character\Action\Player\Run\Player_Run.cpp">
      <Filter>Src\Application\GameObject\Character\Action\Player\Run</Filter>
    </ClCompile>
    <ClCompile Include="Src\Application\GameObject\Character\Action\Player\Idol\Player_Idol.cpp">
      <Filter>Src\Application\GameObject\Character\Action\Player\Idol</Filter>
    </ClCompile>
    <ClCompile Include="Src\Application\GameObject\Character\Action\Player\Roll\Player_Roll.cpp">
      <Filter>Src\Application\GameObject\Character\Action\Player\Roll</Filter>
    </ClCompile>
    <ClCompile Include="Src\Application\GameObject\Character\Action\Player\Guard\Player_Guard.cpp">
      <Filter>Src\Application\GameObject\Character\Action\Player\Guard</Filter>
    </ClCompile>
    <ClCompile Include="Src\Application\GameObject\Character\Action\Player\Attack\Player_Attack.cpp">
      <Filter>Src\Application\GameObject\Character\Action\Player\Attack</Filter>
    </ClCompile>
    <ClCompile Include="Src\Application\GameObject\Character\Action\Player\Hit\Player_Hit.cpp">
      <Filter>Src\Application\GameObject\Character\Action\Player\Hit</Filter>
    </ClCompile>
    <ClCompile Include="Src\Application\GameObject\Character\Action\Player\GuardReaction\Player_GuardReaction.cpp">
      <Filter>Src\Application\GameObject\Character\Action\Player\GuardReaction</Filter>
    </ClCompile>
    <ClCompile Include="Src\Application\GameObject\Character\Action\Player\Parry\Player_Parry.cpp">
      <Filter>Src\Application\GameObject\Character\Action\Player\Parry</Filter>
    </ClCompile>
    <ClCompile Include="Src\Application\GameObject\Character\Action\Player\Counter\Player_Counter.cpp">
      <Filter>Src\Application\GameObject\Character\Action\Player\Counter</Filter>
    </ClCompile>
    <ClCompile Include="Src\Application\GameObject\ObjectManager.cpp">
      <Filter>Src\Application\GameObject</Filter>
    </ClCompile>
    <ClCompile Include="Src\Application\GameObject\Character\Enemy\Bone\Bone.cpp">
      <Filter>Src\Application\GameObject\Character\Enemy\Bone</Filter>
    </ClCompile>
    <ClCompile Include="Src\Application\GameObject\Character\Action\Enemy\Enemy_ActionState.cpp">
      <Filter>Src\Application\GameObject\Character\Action\Enemy</Filter>
    </ClCompile>
    <ClCompile Include="Src\Application\GameObject\Stage\Ground\Ground.cpp">
      <Filter>Src\Application\GameObject\Stage\Ground</Filter>
    </ClCompile>
    <ClCompile Include="Src\Application\GameObject\Stage\Wall\Wall.cpp">
      <Filter>Src\Application\GameObject\Stage\Wall</Filter>
    </ClCompile>
    <ClCompile Include="Src\Application\GameObject\Character\Enemy\EnemyBase.cpp">
      <Filter>Src\Application\GameObject\Character\Enemy</Filter>
    </ClCompile>
    <ClCompile Include="Src\Application\GameObject\Character\Action\Player\Player_ActionState.cpp">
      <Filter>Src\Application\GameObject\Character\Action\Player</Filter>
    </ClCompile>
    <ClCompile Include="Src\Application\GameObject\Weapon\WeaponBase.cpp">
      <Filter>Src\Application\GameObject\Weapon</Filter>
    </ClCompile>
    <ClCompile Include="Src\Application\GameObject\Weapon\Sword\Sword.cpp">
      <Filter>Src\Application\GameObject\Weapon\Sword</Filter>
    </ClCompile>
    <ClCompile Include="Src\Application\GameObject\Weapon\Shield\Shield.cpp">
      <Filter>Src\Application\GameObject\Weapon\Shield</Filter>
    </ClCompile>
    <ClCompile Include="Src\Application\GameObject\Character\Action\Enemy\Bone\Bone_ActionState.cpp">
      <Filter>Src\Application\GameObject\Character\Action\Enemy\Bone</Filter>
    </ClCompile>
    <ClCompile Include="Src\Application\GameObject\Character\Action\Enemy\Bone\Idol\Bone_Idol.cpp">
      <Filter>Src\Application\GameObject\Character\Action\Enemy\Bone\Idol</Filter>
    </ClCompile>
    <ClCompile Include="Src\Application\GameObject\Character\Action\Enemy\Bone\Run\Bone_Run.cpp">
      <Filter>Src\Application\GameObject\Character\Action\Enemy\Bone\Run</Filter>
    </ClCompile>
    <ClCompile Include="Src\Application\GameObject\Character\Action\Enemy\Bone\Hit\Bone_Hit.cpp">
      <Filter>Src\Application\GameObject\Character\Action\Enemy\Bone\Hit</Filter>
    </ClCompile>
    <ClCompile Include="Src\Application\GameObject\Character\Action\Enemy\Bone\Attack\Bone_Attack.cpp">
      <Filter>Src\Application\GameObject\Character\Action\Enemy\Bone\Attack</Filter>
    </ClCompile>
    <ClCompile Include="Src\Application\GameObject\Character\Action\Enemy\Bone\Stumble\Bone_Stumble.cpp">
      <Filter>Src\Application\GameObject\Character\Action\Enemy\Bone\Stumble</Filter>
    </ClCompile>
    <ClCompile Include="Src\Application\GameObject\UI\UIBase.cpp">
      <Filter>Src\Application\GameObject\UI</Filter>
    </ClCompile>
    <ClCompile Include="Src\Application\GameObject\UI\Player\HP\Player_HP.cpp">
      <Filter>Src\Application\GameObject\UI\Player\HP</Filter>
    </ClCompile>
    <ClCompile Include="Src\Application\GameObject\UI\Player\Stamina\Player_Stamina.cpp">
      <Filter>Src\Application\GameObject\UI\Player\Stamina</Filter>
    </ClCompile>
    <ClCompile Include="Src\Application\GameObject\Character\Action\Enemy\Bone\Appeal\Bone_Appeal.cpp">
      <Filter>Src\Application\GameObject\Character\Action\Enemy\Bone\Appeal</Filter>
    </ClCompile>
    <ClCompile Include="Src\Application\GameObject\UI\Enemy\HP\Enemy_HP.cpp">
      <Filter>Src\Application\GameObject\UI\Enemy\HP</Filter>
    </ClCompile>
    <ClCompile Include="Src\Application\GameObject\Loading\Loading.cpp">
      <Filter>Src\Application\GameObject\Loading</Filter>
    </ClCompile>
    <ClCompile Include="Src\Application\GameObject\Stage\Circle\Circle.cpp">
      <Filter>Src\Application\GameObject\Stage\Circle</Filter>
    </ClCompile>
    <ClCompile Include="Src\Application\GameObject\Stage\MagicPolygon\MagicPolygon.cpp">
      <Filter>Src\Application\GameObject\Stage\MagicPolygon</Filter>
    </ClCompile>
    <ClCompile Include="Src\Application\GameObject\Character\Enemy\Golem\Golem.cpp">
      <Filter>Src\Application\GameObject\Character\Enemy\Golem</Filter>
    </ClCompile>
    <ClCompile Include="Src\Application\GameObject\Character\Enemy\Golem\Laser\Laser.cpp">
      <Filter>Src\Application\GameObject\Character\Enemy\Golem\Laser</Filter>
    </ClCompile>
    <ClCompile Include="Src\Application\GameObject\Character\Action\Enemy\Golem\Golem_ActionState.cpp">
      <Filter>Src\Application\GameObject\Character\Action\Enemy\Golem</Filter>
    </ClCompile>
    <ClCompile Include="Src\Application\GameObject\Character\Action\Enemy\Golem\Idol\Golem_Idol.cpp">
      <Filter>Src\Application\GameObject\Character\Action\Enemy\Golem\Idol</Filter>
    </ClCompile>
    <ClCompile Include="Src\Application\GameObject\Character\Action\Enemy\Golem\Appeal\Golem_Appeal.cpp">
      <Filter>Src\Application\GameObject\Character\Action\Enemy\Golem\Appeal</Filter>
    </ClCompile>
    <ClCompile Include="Src\Application\GameObject\Character\Action\Enemy\Golem\Hit\Golem_Hit.cpp">
      <Filter>Src\Application\GameObject\Character\Action\Enemy\Golem\Hit</Filter>
    </ClCompile>
    <ClCompile Include="Src\Application\GameObject\Character\Action\Enemy\Golem\Stumble\Golem_Stumble.cpp">
      <Filter>Src\Application\GameObject\Character\Action\Enemy\Golem\Stumble</Filter>
    </ClCompile>
    <ClCompile Include="Src\Application\GameObject\Character\Action\Enemy\Golem\Run\Golem_Run.cpp">
      <Filter>Src\Application\GameObject\Character\Action\Enemy\Golem\Run</Filter>
    </ClCompile>
    <ClCompile Include="Src\Application\GameObject\Character\Action\Enemy\Golem\Attack\Golem_Attack.cpp">
      <Filter>Src\Application\GameObject\Character\Action\Enemy\Golem\Attack</Filter>
    </ClCompile>
    <ClCompile Include="Src\Application\GameObject\UI\Player\LockON\LockON.cpp">
      <Filter>Src\Application\GameObject\UI\Player\LockON</Filter>
    </ClCompile>
    <ClCompile Include="Src\Application\GameObject\UI\Player\Floor\Floor.cpp">
      <Filter>Src\Application\GameObject\UI\Player\Floor</Filter>
    </ClCompile>
    <ClCompile Include="Src\Application\GameObject\Camera\TitleCamera\TitleCamera.cpp">
      <Filter>Src\Application\GameObject\Camera\TitleCamera</Filter>
    </ClCompile>
    <ClCompile Include="Src\Application\GameObject\UI\Title\Title\Title.cpp">
      <Filter>Src\Application\GameObject\UI\Title\Title</Filter>
    </ClCompile>
    <ClCompile Include="Src\Application\GameObject\UI\Title\Game\Game.cpp">
      <Filter>Src\Application\GameObject\UI\Title\Game</Filter>
    </ClCompile>
    <ClCompile Include="Src\Application\GameObject\UI\Title\Exit\Exit.cpp">
      <Filter>Src\Application\GameObject\UI\Title\Exit</Filter>
    </ClCompile>
    <ClCompile Include="Src\Application\GameObject\UI\Title\Cursor\Cursor.cpp">
      <Filter>Src\Application\GameObject\UI\Title\Cursor</Filter>
    </ClCompile>
    <ClCompile Include="Src\Application\GameObject\UI\Title\Guide\Guide.cpp">
      <Filter>Src\Application\GameObject\UI\Title\Guide</Filter>
    </ClCompile>
    <ClCompile Include="Src\Application\GameObject\Camera\GameCamera\GameCamera.cpp">
      <Filter>Src\Application\GameObject\Camera\GameCamera</Filter>
    </ClCompile>
    <ClCompile Include="Src\Application\GameObject\Camera\GameCamera\GameCamera_State.cpp">
      <Filter>Src\Application\GameObject\Camera\GameCamera</Filter>
    </ClCompile>
    <ClCompile Include="Src\Application\GameObject\Camera\GameCamera\PlayerCamera\GameCamera_Player.cpp">
      <Filter>Src\Application\GameObject\Camera\GameCamera\PlayerCamera</Filter>
    </ClCompile>
    <ClCompile Include="Src\Application\GameObject\Camera\GameCamera\FixedCamera\FixedCamera.cpp">
      <Filter>Src\Application\GameObject\Camera\GameCamera\FixedCamera</Filter>
    </ClCompile>
    <ClCompile Include="Src\Application\GameObject\Camera\GameCamera\ClearCamera\GameCamera_Clear.cpp">
      <Filter>Src\Application\GameObject\Camera\GameCamera\ClearCamera</Filter>
    </ClCompile>
    <ClCompile Include="Src\Application\GameObject\Character\Enemy\EnemyManager.cpp">
      <Filter>Src\Application\GameObject\Character\Enemy</Filter>
    </ClCompile>
    <ClCompile Include="Src\Application\GameObject\Character\Action\Enemy\Bone\Crushing\Bone_Crushing.cpp">
      <Filter>Src\Application\GameObject\Character\Action\Enemy\Bone\Crushing</Filter>
    </ClCompile>
    <ClCompile Include="Src\Application\GameObject\Character\Action\Player\Crushing\Player_Crushing.cpp">
      <Filter>Src\Application\GameObject\Character\Action\Player\Crushing</Filter>
    </ClCompile>
  </ItemGroup>
  <ItemGroup>
    <None Include="Src\Framework\Shader\inc_KdCommon.hlsli">
      <Filter>Src\Framework\Shader</Filter>
    </None>
    <None Include="Src\Framework\Shader\SpriteShader\inc_KdSpriteShader.hlsli">
      <Filter>Src\Framework\Shader\SpriteShader</Filter>
    </None>
    <None Include="Src\Framework\Shader\PostProcessShader\inc_KdPostProcessShader.hlsli">
      <Filter>Src\Framework\Shader\PostProcessShader</Filter>
    </None>
    <None Include="Src\Framework\Shader\StandardShader\inc_KdStandardShader.hlsli">
      <Filter>Src\Framework\Shader\StandardShader</Filter>
    </None>
  </ItemGroup>
  <ItemGroup>
    <FxCompile Include="Src\Framework\Shader\SpriteShader\KdSpriteShader_PS.hlsl">
      <Filter>Src\Framework\Shader\SpriteShader</Filter>
    </FxCompile>
    <FxCompile Include="Src\Framework\Shader\SpriteShader\KdSpriteShader_VS.hlsl">
      <Filter>Src\Framework\Shader\SpriteShader</Filter>
    </FxCompile>
    <FxCompile Include="Src\Framework\Shader\PostProcessShader\KdPostProcessShader_PS_Blur.hlsl">
      <Filter>Src\Framework\Shader\PostProcessShader</Filter>
    </FxCompile>
    <FxCompile Include="Src\Framework\Shader\PostProcessShader\KdPostProcessShader_VS.hlsl">
      <Filter>Src\Framework\Shader\PostProcessShader</Filter>
    </FxCompile>
    <FxCompile Include="Src\Framework\Shader\PostProcessShader\KdPostProcessShader_PS_DoF.hlsl">
      <Filter>Src\Framework\Shader\PostProcessShader</Filter>
    </FxCompile>
    <FxCompile Include="Src\Framework\Shader\PostProcessShader\KdPostProcessShader_PS_Bright.hlsl">
      <Filter>Src\Framework\Shader\PostProcessShader</Filter>
    </FxCompile>
    <FxCompile Include="Src\Framework\Shader\StandardShader\KdStandardShader_PS_GenDepthMapFromLight.hlsl">
      <Filter>Src\Framework\Shader\StandardShader</Filter>
    </FxCompile>
    <FxCompile Include="Src\Framework\Shader\StandardShader\KdStandardShader_PS_Lit.hlsl">
      <Filter>Src\Framework\Shader\StandardShader</Filter>
    </FxCompile>
    <FxCompile Include="Src\Framework\Shader\StandardShader\KdStandardShader_PS_UnLit.hlsl">
      <Filter>Src\Framework\Shader\StandardShader</Filter>
    </FxCompile>
    <FxCompile Include="Src\Framework\Shader\StandardShader\KdStandardShader_VS_GenDepthMapFromLight.hlsl">
      <Filter>Src\Framework\Shader\StandardShader</Filter>
    </FxCompile>
    <FxCompile Include="Src\Framework\Shader\StandardShader\KdStandardShader_VS_Lit.hlsl">
      <Filter>Src\Framework\Shader\StandardShader</Filter>
    </FxCompile>
    <FxCompile Include="Src\Framework\Shader\StandardShader\KdStandardShader_VS_UnLit.hlsl">
      <Filter>Src\Framework\Shader\StandardShader</Filter>
    </FxCompile>
  </ItemGroup>
</Project>